// !$*UTF8*$!
{
	archiveVersion = 1;
	classes = {
	};
	objectVersion = 51;
	objects = {

/* Begin PBXBuildFile section */
		070290D025817CD3004E2BC4 /* ActionEditViewController.swift in Sources */ = {isa = PBXBuildFile; fileRef = 070290CF25817CD3004E2BC4 /* ActionEditViewController.swift */; };
		070290D52581E5AC004E2BC4 /* SettingsViewController.swift in Sources */ = {isa = PBXBuildFile; fileRef = 070290D42581E5AC004E2BC4 /* SettingsViewController.swift */; };
		075ACB6B25A5C78B00E2AAC1 /* AuthViewController.swift in Sources */ = {isa = PBXBuildFile; fileRef = 075ACB6A25A5C78B00E2AAC1 /* AuthViewController.swift */; };
		075ACB6D25A653FA00E2AAC1 /* DeviceOwnerAuthenticator.swift in Sources */ = {isa = PBXBuildFile; fileRef = 075ACB6C25A653FA00E2AAC1 /* DeviceOwnerAuthenticator.swift */; };
		075ACB7725A8B73800E2AAC1 /* AboutViewController.swift in Sources */ = {isa = PBXBuildFile; fileRef = 075ACB7625A8B73800E2AAC1 /* AboutViewController.swift */; };
		078D944725B583B7008DC438 /* ConstraintsApplier.swift in Sources */ = {isa = PBXBuildFile; fileRef = 078D944625B583B7008DC438 /* ConstraintsApplier.swift */; };
		078D944E25B5844E008DC438 /* ButtonCell.swift in Sources */ = {isa = PBXBuildFile; fileRef = 078D944D25B5844E008DC438 /* ButtonCell.swift */; };
		078D945125B58480008DC438 /* PencelBadge.swift in Sources */ = {isa = PBXBuildFile; fileRef = 078D945025B58480008DC438 /* PencelBadge.swift */; };
		078D945425B584E4008DC438 /* LabelSwitchView.swift in Sources */ = {isa = PBXBuildFile; fileRef = 078D945325B584E4008DC438 /* LabelSwitchView.swift */; };
		078D945725B5853A008DC438 /* FadeOnHighlightButton.swift in Sources */ = {isa = PBXBuildFile; fileRef = 078D945625B5853A008DC438 /* FadeOnHighlightButton.swift */; };
		078D945925B58550008DC438 /* RoundedButton.swift in Sources */ = {isa = PBXBuildFile; fileRef = 078D945825B58550008DC438 /* RoundedButton.swift */; };
		078D945B25B5856B008DC438 /* TextViewTitleView.swift in Sources */ = {isa = PBXBuildFile; fileRef = 078D945A25B5856B008DC438 /* TextViewTitleView.swift */; };
		078D945D25B5858E008DC438 /* TextViewCell.swift in Sources */ = {isa = PBXBuildFile; fileRef = 078D945C25B5858E008DC438 /* TextViewCell.swift */; };
		078D945F25B585B8008DC438 /* OkCancelButtonsView.swift in Sources */ = {isa = PBXBuildFile; fileRef = 078D945E25B585B8008DC438 /* OkCancelButtonsView.swift */; };
		078D946525B58D36008DC438 /* Coordinator.swift in Sources */ = {isa = PBXBuildFile; fileRef = 078D946425B58D36008DC438 /* Coordinator.swift */; };
		078D946725B58D66008DC438 /* AppCoordinator.swift in Sources */ = {isa = PBXBuildFile; fileRef = 078D946625B58D66008DC438 /* AppCoordinator.swift */; };
		07940B5525927643003EB4FA /* CertificateConverter.swift in Sources */ = {isa = PBXBuildFile; fileRef = 07940B5425927643003EB4FA /* CertificateConverter.swift */; };
		07940B58259276A1003EB4FA /* MQTTClient.swift in Sources */ = {isa = PBXBuildFile; fileRef = 07940B57259276A1003EB4FA /* MQTTClient.swift */; };
		079D070525A34DCE00F56392 /* ViewControllers.swift in Sources */ = {isa = PBXBuildFile; fileRef = 079D070425A34DCE00F56392 /* ViewControllers.swift */; };
		07BD1785258952B600784BFA /* DataStore.swift in Sources */ = {isa = PBXBuildFile; fileRef = 07BD1784258952B600784BFA /* DataStore.swift */; };
		07BD178D2589530600784BFA /* Colors.swift in Sources */ = {isa = PBXBuildFile; fileRef = 07BD178C2589530600784BFA /* Colors.swift */; };
		07C0C60425939DDA001DB311 /* KeychainSwiftDistrib.swift in Sources */ = {isa = PBXBuildFile; fileRef = 07C0C5A925939DD9001DB311 /* KeychainSwiftDistrib.swift */; };
		07C0C60525939DDA001DB311 /* LICENSE in Resources */ = {isa = PBXBuildFile; fileRef = 07C0C5AD25939DD9001DB311 /* LICENSE */; };
		07C0C60625939DDA001DB311 /* libcrypto.a in Frameworks */ = {isa = PBXBuildFile; fileRef = 07C0C60225939DD9001DB311 /* libcrypto.a */; };
		07C0C60725939DDA001DB311 /* libssl.a in Frameworks */ = {isa = PBXBuildFile; fileRef = 07C0C60325939DD9001DB311 /* libssl.a */; };
		07C0C6312593AE5B001DB311 /* failure.wav in Resources */ = {isa = PBXBuildFile; fileRef = 07C0C62F2593AE5B001DB311 /* failure.wav */; };
		07C0C6322593AE5B001DB311 /* success.mp3 in Resources */ = {isa = PBXBuildFile; fileRef = 07C0C6302593AE5B001DB311 /* success.mp3 */; };
		07C0C6342593AE7E001DB311 /* SoundEffect.swift in Sources */ = {isa = PBXBuildFile; fileRef = 07C0C6332593AE7E001DB311 /* SoundEffect.swift */; };
		07C7E41225892B0700581737 /* Misc.swift in Sources */ = {isa = PBXBuildFile; fileRef = 07C7E41125892B0700581737 /* Misc.swift */; };
		07E1D5C7257FC6730057B9AC /* AppDelegate.swift in Sources */ = {isa = PBXBuildFile; fileRef = 07E1D5C6257FC6730057B9AC /* AppDelegate.swift */; };
		07E1D5C9257FC6730057B9AC /* SceneDelegate.swift in Sources */ = {isa = PBXBuildFile; fileRef = 07E1D5C8257FC6730057B9AC /* SceneDelegate.swift */; };
		07E1D5CB257FC6730057B9AC /* HomeViewController.swift in Sources */ = {isa = PBXBuildFile; fileRef = 07E1D5CA257FC6730057B9AC /* HomeViewController.swift */; };
		07E1D5D0257FC6750057B9AC /* Assets.xcassets in Resources */ = {isa = PBXBuildFile; fileRef = 07E1D5CF257FC6750057B9AC /* Assets.xcassets */; };
		07E1D5D3257FC6750057B9AC /* LaunchScreen.storyboard in Resources */ = {isa = PBXBuildFile; fileRef = 07E1D5D1257FC6750057B9AC /* LaunchScreen.storyboard */; };
		07E1D5E9257FC8580057B9AC /* Core.swift in Sources */ = {isa = PBXBuildFile; fileRef = 07E1D5E8257FC8580057B9AC /* Core.swift */; };
		07F17EF6258CFA4D0029169A /* CertificateConverter.m in Sources */ = {isa = PBXBuildFile; fileRef = 07F17EF5258CFA4D0029169A /* CertificateConverter.m */; };
		158B9C381EF4260E96D2E79B /* Pods_SecuredMQTTPublisher.framework in Frameworks */ = {isa = PBXBuildFile; fileRef = EF9C83F5E46DE8748B452152 /* Pods_SecuredMQTTPublisher.framework */; };
/* End PBXBuildFile section */

/* Begin PBXCopyFilesBuildPhase section */
		07BD17A5258BC67A00784BFA /* Embed Frameworks */ = {
			isa = PBXCopyFilesBuildPhase;
			buildActionMask = 2147483647;
			dstPath = "";
			dstSubfolderSpec = 10;
			files = (
			);
			name = "Embed Frameworks";
			runOnlyForDeploymentPostprocessing = 0;
		};
/* End PBXCopyFilesBuildPhase section */

/* Begin PBXFileReference section */
		070290CF25817CD3004E2BC4 /* ActionEditViewController.swift */ = {isa = PBXFileReference; lastKnownFileType = sourcecode.swift; path = ActionEditViewController.swift; sourceTree = "<group>"; };
		070290D42581E5AC004E2BC4 /* SettingsViewController.swift */ = {isa = PBXFileReference; lastKnownFileType = sourcecode.swift; path = SettingsViewController.swift; sourceTree = "<group>"; };
		075ACB6A25A5C78B00E2AAC1 /* AuthViewController.swift */ = {isa = PBXFileReference; lastKnownFileType = sourcecode.swift; path = AuthViewController.swift; sourceTree = "<group>"; };
		075ACB6C25A653FA00E2AAC1 /* DeviceOwnerAuthenticator.swift */ = {isa = PBXFileReference; lastKnownFileType = sourcecode.swift; path = DeviceOwnerAuthenticator.swift; sourceTree = "<group>"; };
		075ACB7625A8B73800E2AAC1 /* AboutViewController.swift */ = {isa = PBXFileReference; lastKnownFileType = sourcecode.swift; path = AboutViewController.swift; sourceTree = "<group>"; };
		078D944625B583B7008DC438 /* ConstraintsApplier.swift */ = {isa = PBXFileReference; lastKnownFileType = sourcecode.swift; path = ConstraintsApplier.swift; sourceTree = "<group>"; };
		078D944D25B5844E008DC438 /* ButtonCell.swift */ = {isa = PBXFileReference; lastKnownFileType = sourcecode.swift; path = ButtonCell.swift; sourceTree = "<group>"; };
		078D945025B58480008DC438 /* PencelBadge.swift */ = {isa = PBXFileReference; lastKnownFileType = sourcecode.swift; path = PencelBadge.swift; sourceTree = "<group>"; };
		078D945325B584E4008DC438 /* LabelSwitchView.swift */ = {isa = PBXFileReference; lastKnownFileType = sourcecode.swift; path = LabelSwitchView.swift; sourceTree = "<group>"; };
		078D945625B5853A008DC438 /* FadeOnHighlightButton.swift */ = {isa = PBXFileReference; lastKnownFileType = sourcecode.swift; path = FadeOnHighlightButton.swift; sourceTree = "<group>"; };
		078D945825B58550008DC438 /* RoundedButton.swift */ = {isa = PBXFileReference; lastKnownFileType = sourcecode.swift; path = RoundedButton.swift; sourceTree = "<group>"; };
		078D945A25B5856B008DC438 /* TextViewTitleView.swift */ = {isa = PBXFileReference; lastKnownFileType = sourcecode.swift; path = TextViewTitleView.swift; sourceTree = "<group>"; };
		078D945C25B5858E008DC438 /* TextViewCell.swift */ = {isa = PBXFileReference; lastKnownFileType = sourcecode.swift; path = TextViewCell.swift; sourceTree = "<group>"; };
		078D945E25B585B8008DC438 /* OkCancelButtonsView.swift */ = {isa = PBXFileReference; lastKnownFileType = sourcecode.swift; path = OkCancelButtonsView.swift; sourceTree = "<group>"; };
		078D946325B58B45008DC438 /* SecuredMQTTPublisher-Bridging-Header.h */ = {isa = PBXFileReference; lastKnownFileType = sourcecode.c.h; path = "SecuredMQTTPublisher-Bridging-Header.h"; sourceTree = "<group>"; };
		078D946425B58D36008DC438 /* Coordinator.swift */ = {isa = PBXFileReference; lastKnownFileType = sourcecode.swift; path = Coordinator.swift; sourceTree = "<group>"; };
		078D946625B58D66008DC438 /* AppCoordinator.swift */ = {isa = PBXFileReference; lastKnownFileType = sourcecode.swift; path = AppCoordinator.swift; sourceTree = "<group>"; };
		07940B5425927643003EB4FA /* CertificateConverter.swift */ = {isa = PBXFileReference; lastKnownFileType = sourcecode.swift; path = CertificateConverter.swift; sourceTree = "<group>"; };
		07940B57259276A1003EB4FA /* MQTTClient.swift */ = {isa = PBXFileReference; lastKnownFileType = sourcecode.swift; path = MQTTClient.swift; sourceTree = "<group>"; };
		079D070425A34DCE00F56392 /* ViewControllers.swift */ = {isa = PBXFileReference; lastKnownFileType = sourcecode.swift; path = ViewControllers.swift; sourceTree = "<group>"; };
		07BD1784258952B600784BFA /* DataStore.swift */ = {isa = PBXFileReference; lastKnownFileType = sourcecode.swift; path = DataStore.swift; sourceTree = "<group>"; };
		07BD178C2589530600784BFA /* Colors.swift */ = {isa = PBXFileReference; lastKnownFileType = sourcecode.swift; path = Colors.swift; sourceTree = "<group>"; };
		07C0C5A925939DD9001DB311 /* KeychainSwiftDistrib.swift */ = {isa = PBXFileReference; fileEncoding = 4; lastKnownFileType = sourcecode.swift; path = KeychainSwiftDistrib.swift; sourceTree = "<group>"; };
		07C0C5AC25939DD9001DB311 /* opensslconf-template.h */ = {isa = PBXFileReference; fileEncoding = 4; lastKnownFileType = sourcecode.c.h; path = "opensslconf-template.h"; sourceTree = "<group>"; };
		07C0C5AD25939DD9001DB311 /* LICENSE */ = {isa = PBXFileReference; fileEncoding = 4; lastKnownFileType = text; path = LICENSE; sourceTree = "<group>"; };
		07C0C5AF25939DD9001DB311 /* pem2.h */ = {isa = PBXFileReference; fileEncoding = 4; lastKnownFileType = sourcecode.c.h; path = pem2.h; sourceTree = "<group>"; };
		07C0C5B025939DD9001DB311 /* pem.h */ = {isa = PBXFileReference; fileEncoding = 4; lastKnownFileType = sourcecode.c.h; path = pem.h; sourceTree = "<group>"; };
		07C0C5B125939DD9001DB311 /* ssl3.h */ = {isa = PBXFileReference; fileEncoding = 4; lastKnownFileType = sourcecode.c.h; path = ssl3.h; sourceTree = "<group>"; };
		07C0C5B225939DD9001DB311 /* ossl_typ.h */ = {isa = PBXFileReference; fileEncoding = 4; lastKnownFileType = sourcecode.c.h; path = ossl_typ.h; sourceTree = "<group>"; };
		07C0C5B325939DD9001DB311 /* dtls1.h */ = {isa = PBXFileReference; fileEncoding = 4; lastKnownFileType = sourcecode.c.h; path = dtls1.h; sourceTree = "<group>"; };
		07C0C5B425939DD9001DB311 /* err.h */ = {isa = PBXFileReference; fileEncoding = 4; lastKnownFileType = sourcecode.c.h; path = err.h; sourceTree = "<group>"; };
		07C0C5B525939DD9001DB311 /* bn.h */ = {isa = PBXFileReference; fileEncoding = 4; lastKnownFileType = sourcecode.c.h; path = bn.h; sourceTree = "<group>"; };
		07C0C5B625939DD9001DB311 /* blowfish.h */ = {isa = PBXFileReference; fileEncoding = 4; lastKnownFileType = sourcecode.c.h; path = blowfish.h; sourceTree = "<group>"; };
		07C0C5B725939DD9001DB311 /* cms.h */ = {isa = PBXFileReference; fileEncoding = 4; lastKnownFileType = sourcecode.c.h; path = cms.h; sourceTree = "<group>"; };
		07C0C5B825939DD9001DB311 /* engine.h */ = {isa = PBXFileReference; fileEncoding = 4; lastKnownFileType = sourcecode.c.h; path = engine.h; sourceTree = "<group>"; };
		07C0C5B925939DD9001DB311 /* conf_api.h */ = {isa = PBXFileReference; fileEncoding = 4; lastKnownFileType = sourcecode.c.h; path = conf_api.h; sourceTree = "<group>"; };
		07C0C5BA25939DD9001DB311 /* x509.h */ = {isa = PBXFileReference; fileEncoding = 4; lastKnownFileType = sourcecode.c.h; path = x509.h; sourceTree = "<group>"; };
		07C0C5BB25939DD9001DB311 /* asn1_mac.h */ = {isa = PBXFileReference; fileEncoding = 4; lastKnownFileType = sourcecode.c.h; path = asn1_mac.h; sourceTree = "<group>"; };
		07C0C5BC25939DD9001DB311 /* opensslconf_ios_x86_64.h */ = {isa = PBXFileReference; fileEncoding = 4; lastKnownFileType = sourcecode.c.h; path = opensslconf_ios_x86_64.h; sourceTree = "<group>"; };
		07C0C5BD25939DD9001DB311 /* ui.h */ = {isa = PBXFileReference; fileEncoding = 4; lastKnownFileType = sourcecode.c.h; path = ui.h; sourceTree = "<group>"; };
		07C0C5BE25939DD9001DB311 /* kssl.h */ = {isa = PBXFileReference; fileEncoding = 4; lastKnownFileType = sourcecode.c.h; path = kssl.h; sourceTree = "<group>"; };
		07C0C5BF25939DD9001DB311 /* opensslconf_tvos_x86_64.h */ = {isa = PBXFileReference; fileEncoding = 4; lastKnownFileType = sourcecode.c.h; path = opensslconf_tvos_x86_64.h; sourceTree = "<group>"; };
		07C0C5C025939DD9001DB311 /* opensslconf_ios_armv7s.h */ = {isa = PBXFileReference; fileEncoding = 4; lastKnownFileType = sourcecode.c.h; path = opensslconf_ios_armv7s.h; sourceTree = "<group>"; };
		07C0C5C125939DD9001DB311 /* sha.h */ = {isa = PBXFileReference; fileEncoding = 4; lastKnownFileType = sourcecode.c.h; path = sha.h; sourceTree = "<group>"; };
		07C0C5C225939DD9001DB311 /* symhacks.h */ = {isa = PBXFileReference; fileEncoding = 4; lastKnownFileType = sourcecode.c.h; path = symhacks.h; sourceTree = "<group>"; };
		07C0C5C325939DD9001DB311 /* asn1.h */ = {isa = PBXFileReference; fileEncoding = 4; lastKnownFileType = sourcecode.c.h; path = asn1.h; sourceTree = "<group>"; };
		07C0C5C425939DD9001DB311 /* opensslconf.h */ = {isa = PBXFileReference; fileEncoding = 4; lastKnownFileType = sourcecode.c.h; path = opensslconf.h; sourceTree = "<group>"; };
		07C0C5C525939DD9001DB311 /* opensslconf_ios_i386.h */ = {isa = PBXFileReference; fileEncoding = 4; lastKnownFileType = sourcecode.c.h; path = opensslconf_ios_i386.h; sourceTree = "<group>"; };
		07C0C5C625939DD9001DB311 /* bio.h */ = {isa = PBXFileReference; fileEncoding = 4; lastKnownFileType = sourcecode.c.h; path = bio.h; sourceTree = "<group>"; };
		07C0C5C725939DD9001DB311 /* rc2.h */ = {isa = PBXFileReference; fileEncoding = 4; lastKnownFileType = sourcecode.c.h; path = rc2.h; sourceTree = "<group>"; };
		07C0C5C825939DD9001DB311 /* dh.h */ = {isa = PBXFileReference; fileEncoding = 4; lastKnownFileType = sourcecode.c.h; path = dh.h; sourceTree = "<group>"; };
		07C0C5C925939DD9001DB311 /* ui_compat.h */ = {isa = PBXFileReference; fileEncoding = 4; lastKnownFileType = sourcecode.c.h; path = ui_compat.h; sourceTree = "<group>"; };
		07C0C5CA25939DD9001DB311 /* x509v3.h */ = {isa = PBXFileReference; fileEncoding = 4; lastKnownFileType = sourcecode.c.h; path = x509v3.h; sourceTree = "<group>"; };
		07C0C5CB25939DD9001DB311 /* ssl23.h */ = {isa = PBXFileReference; fileEncoding = 4; lastKnownFileType = sourcecode.c.h; path = ssl23.h; sourceTree = "<group>"; };
		07C0C5CC25939DD9001DB311 /* conf.h */ = {isa = PBXFileReference; fileEncoding = 4; lastKnownFileType = sourcecode.c.h; path = conf.h; sourceTree = "<group>"; };
		07C0C5CD25939DD9001DB311 /* md5.h */ = {isa = PBXFileReference; fileEncoding = 4; lastKnownFileType = sourcecode.c.h; path = md5.h; sourceTree = "<group>"; };
		07C0C5CE25939DD9001DB311 /* x509_vfy.h */ = {isa = PBXFileReference; fileEncoding = 4; lastKnownFileType = sourcecode.c.h; path = x509_vfy.h; sourceTree = "<group>"; };
		07C0C5CF25939DD9001DB311 /* txt_db.h */ = {isa = PBXFileReference; fileEncoding = 4; lastKnownFileType = sourcecode.c.h; path = txt_db.h; sourceTree = "<group>"; };
		07C0C5D025939DD9001DB311 /* safestack.h */ = {isa = PBXFileReference; fileEncoding = 4; lastKnownFileType = sourcecode.c.h; path = safestack.h; sourceTree = "<group>"; };
		07C0C5D125939DD9001DB311 /* ecdsa.h */ = {isa = PBXFileReference; fileEncoding = 4; lastKnownFileType = sourcecode.c.h; path = ecdsa.h; sourceTree = "<group>"; };
		07C0C5D225939DD9001DB311 /* objects.h */ = {isa = PBXFileReference; fileEncoding = 4; lastKnownFileType = sourcecode.c.h; path = objects.h; sourceTree = "<group>"; };
		07C0C5D325939DD9001DB311 /* pkcs12.h */ = {isa = PBXFileReference; fileEncoding = 4; lastKnownFileType = sourcecode.c.h; path = pkcs12.h; sourceTree = "<group>"; };
		07C0C5D425939DD9001DB311 /* crypto.h */ = {isa = PBXFileReference; fileEncoding = 4; lastKnownFileType = sourcecode.c.h; path = crypto.h; sourceTree = "<group>"; };
		07C0C5D525939DD9001DB311 /* opensslv.h */ = {isa = PBXFileReference; fileEncoding = 4; lastKnownFileType = sourcecode.c.h; path = opensslv.h; sourceTree = "<group>"; };
		07C0C5D625939DD9001DB311 /* pkcs7.h */ = {isa = PBXFileReference; fileEncoding = 4; lastKnownFileType = sourcecode.c.h; path = pkcs7.h; sourceTree = "<group>"; };
		07C0C5D725939DD9001DB311 /* obj_mac.h */ = {isa = PBXFileReference; fileEncoding = 4; lastKnownFileType = sourcecode.c.h; path = obj_mac.h; sourceTree = "<group>"; };
		07C0C5D825939DD9001DB311 /* buffer.h */ = {isa = PBXFileReference; fileEncoding = 4; lastKnownFileType = sourcecode.c.h; path = buffer.h; sourceTree = "<group>"; };
		07C0C5D925939DD9001DB311 /* ssl.h */ = {isa = PBXFileReference; fileEncoding = 4; lastKnownFileType = sourcecode.c.h; path = ssl.h; sourceTree = "<group>"; };
		07C0C5DA25939DD9001DB311 /* srp.h */ = {isa = PBXFileReference; fileEncoding = 4; lastKnownFileType = sourcecode.c.h; path = srp.h; sourceTree = "<group>"; };
		07C0C5DB25939DD9001DB311 /* camellia.h */ = {isa = PBXFileReference; fileEncoding = 4; lastKnownFileType = sourcecode.c.h; path = camellia.h; sourceTree = "<group>"; };
		07C0C5DC25939DD9001DB311 /* opensslconf_ios_arm64.h */ = {isa = PBXFileReference; fileEncoding = 4; lastKnownFileType = sourcecode.c.h; path = opensslconf_ios_arm64.h; sourceTree = "<group>"; };
		07C0C5DD25939DD9001DB311 /* evp.h */ = {isa = PBXFileReference; fileEncoding = 4; lastKnownFileType = sourcecode.c.h; path = evp.h; sourceTree = "<group>"; };
		07C0C5DE25939DD9001DB311 /* e_os2.h */ = {isa = PBXFileReference; fileEncoding = 4; lastKnownFileType = sourcecode.c.h; path = e_os2.h; sourceTree = "<group>"; };
		07C0C5DF25939DD9001DB311 /* md4.h */ = {isa = PBXFileReference; fileEncoding = 4; lastKnownFileType = sourcecode.c.h; path = md4.h; sourceTree = "<group>"; };
		07C0C5E025939DD9001DB311 /* hmac.h */ = {isa = PBXFileReference; fileEncoding = 4; lastKnownFileType = sourcecode.c.h; path = hmac.h; sourceTree = "<group>"; };
		07C0C5E125939DD9001DB311 /* aes.h */ = {isa = PBXFileReference; fileEncoding = 4; lastKnownFileType = sourcecode.c.h; path = aes.h; sourceTree = "<group>"; };
		07C0C5E225939DD9001DB311 /* comp.h */ = {isa = PBXFileReference; fileEncoding = 4; lastKnownFileType = sourcecode.c.h; path = comp.h; sourceTree = "<group>"; };
		07C0C5E325939DD9001DB311 /* cast.h */ = {isa = PBXFileReference; fileEncoding = 4; lastKnownFileType = sourcecode.c.h; path = cast.h; sourceTree = "<group>"; };
		07C0C5E425939DD9001DB311 /* rc4.h */ = {isa = PBXFileReference; fileEncoding = 4; lastKnownFileType = sourcecode.c.h; path = rc4.h; sourceTree = "<group>"; };
		07C0C5E525939DD9001DB311 /* stack.h */ = {isa = PBXFileReference; fileEncoding = 4; lastKnownFileType = sourcecode.c.h; path = stack.h; sourceTree = "<group>"; };
		07C0C5E625939DD9001DB311 /* des.h */ = {isa = PBXFileReference; fileEncoding = 4; lastKnownFileType = sourcecode.c.h; path = des.h; sourceTree = "<group>"; };
		07C0C5E725939DD9001DB311 /* ocsp.h */ = {isa = PBXFileReference; fileEncoding = 4; lastKnownFileType = sourcecode.c.h; path = ocsp.h; sourceTree = "<group>"; };
		07C0C5E825939DD9001DB311 /* ec.h */ = {isa = PBXFileReference; fileEncoding = 4; lastKnownFileType = sourcecode.c.h; path = ec.h; sourceTree = "<group>"; };
		07C0C5E925939DD9001DB311 /* ecdh.h */ = {isa = PBXFileReference; fileEncoding = 4; lastKnownFileType = sourcecode.c.h; path = ecdh.h; sourceTree = "<group>"; };
		07C0C5EA25939DD9001DB311 /* rand.h */ = {isa = PBXFileReference; fileEncoding = 4; lastKnownFileType = sourcecode.c.h; path = rand.h; sourceTree = "<group>"; };
		07C0C5EB25939DD9001DB311 /* opensslconf_ios_armv7.h */ = {isa = PBXFileReference; fileEncoding = 4; lastKnownFileType = sourcecode.c.h; path = opensslconf_ios_armv7.h; sourceTree = "<group>"; };
		07C0C5EC25939DD9001DB311 /* opensslconf_tvos_arm64.h */ = {isa = PBXFileReference; fileEncoding = 4; lastKnownFileType = sourcecode.c.h; path = opensslconf_tvos_arm64.h; sourceTree = "<group>"; };
		07C0C5ED25939DD9001DB311 /* ts.h */ = {isa = PBXFileReference; fileEncoding = 4; lastKnownFileType = sourcecode.c.h; path = ts.h; sourceTree = "<group>"; };
		07C0C5EE25939DD9001DB311 /* pqueue.h */ = {isa = PBXFileReference; fileEncoding = 4; lastKnownFileType = sourcecode.c.h; path = pqueue.h; sourceTree = "<group>"; };
		07C0C5EF25939DD9001DB311 /* dso.h */ = {isa = PBXFileReference; fileEncoding = 4; lastKnownFileType = sourcecode.c.h; path = dso.h; sourceTree = "<group>"; };
		07C0C5F025939DD9001DB311 /* seed.h */ = {isa = PBXFileReference; fileEncoding = 4; lastKnownFileType = sourcecode.c.h; path = seed.h; sourceTree = "<group>"; };
		07C0C5F125939DD9001DB311 /* modes.h */ = {isa = PBXFileReference; fileEncoding = 4; lastKnownFileType = sourcecode.c.h; path = modes.h; sourceTree = "<group>"; };
		07C0C5F225939DD9001DB311 /* ssl2.h */ = {isa = PBXFileReference; fileEncoding = 4; lastKnownFileType = sourcecode.c.h; path = ssl2.h; sourceTree = "<group>"; };
		07C0C5F325939DD9001DB311 /* rsa.h */ = {isa = PBXFileReference; fileEncoding = 4; lastKnownFileType = sourcecode.c.h; path = rsa.h; sourceTree = "<group>"; };
		07C0C5F425939DD9001DB311 /* krb5_asn.h */ = {isa = PBXFileReference; fileEncoding = 4; lastKnownFileType = sourcecode.c.h; path = krb5_asn.h; sourceTree = "<group>"; };
		07C0C5F525939DD9001DB311 /* des_old.h */ = {isa = PBXFileReference; fileEncoding = 4; lastKnownFileType = sourcecode.c.h; path = des_old.h; sourceTree = "<group>"; };
		07C0C5F625939DD9001DB311 /* ripemd.h */ = {isa = PBXFileReference; fileEncoding = 4; lastKnownFileType = sourcecode.c.h; path = ripemd.h; sourceTree = "<group>"; };
		07C0C5F725939DD9001DB311 /* whrlpool.h */ = {isa = PBXFileReference; fileEncoding = 4; lastKnownFileType = sourcecode.c.h; path = whrlpool.h; sourceTree = "<group>"; };
		07C0C5F825939DD9001DB311 /* tls1.h */ = {isa = PBXFileReference; fileEncoding = 4; lastKnownFileType = sourcecode.c.h; path = tls1.h; sourceTree = "<group>"; };
		07C0C5F925939DD9001DB311 /* mdc2.h */ = {isa = PBXFileReference; fileEncoding = 4; lastKnownFileType = sourcecode.c.h; path = mdc2.h; sourceTree = "<group>"; };
		07C0C5FA25939DD9001DB311 /* dsa.h */ = {isa = PBXFileReference; fileEncoding = 4; lastKnownFileType = sourcecode.c.h; path = dsa.h; sourceTree = "<group>"; };
		07C0C5FB25939DD9001DB311 /* srtp.h */ = {isa = PBXFileReference; fileEncoding = 4; lastKnownFileType = sourcecode.c.h; path = srtp.h; sourceTree = "<group>"; };
		07C0C5FC25939DD9001DB311 /* asn1t.h */ = {isa = PBXFileReference; fileEncoding = 4; lastKnownFileType = sourcecode.c.h; path = asn1t.h; sourceTree = "<group>"; };
		07C0C5FD25939DD9001DB311 /* cmac.h */ = {isa = PBXFileReference; fileEncoding = 4; lastKnownFileType = sourcecode.c.h; path = cmac.h; sourceTree = "<group>"; };
		07C0C5FE25939DD9001DB311 /* ebcdic.h */ = {isa = PBXFileReference; fileEncoding = 4; lastKnownFileType = sourcecode.c.h; path = ebcdic.h; sourceTree = "<group>"; };
		07C0C5FF25939DD9001DB311 /* idea.h */ = {isa = PBXFileReference; fileEncoding = 4; lastKnownFileType = sourcecode.c.h; path = idea.h; sourceTree = "<group>"; };
		07C0C60025939DD9001DB311 /* lhash.h */ = {isa = PBXFileReference; fileEncoding = 4; lastKnownFileType = sourcecode.c.h; path = lhash.h; sourceTree = "<group>"; };
		07C0C60225939DD9001DB311 /* libcrypto.a */ = {isa = PBXFileReference; lastKnownFileType = archive.ar; path = libcrypto.a; sourceTree = "<group>"; };
		07C0C60325939DD9001DB311 /* libssl.a */ = {isa = PBXFileReference; lastKnownFileType = archive.ar; path = libssl.a; sourceTree = "<group>"; };
		07C0C62F2593AE5B001DB311 /* failure.wav */ = {isa = PBXFileReference; lastKnownFileType = audio.wav; path = failure.wav; sourceTree = "<group>"; };
		07C0C6302593AE5B001DB311 /* success.mp3 */ = {isa = PBXFileReference; lastKnownFileType = audio.mp3; path = success.mp3; sourceTree = "<group>"; };
		07C0C6332593AE7E001DB311 /* SoundEffect.swift */ = {isa = PBXFileReference; fileEncoding = 4; lastKnownFileType = sourcecode.swift; path = SoundEffect.swift; sourceTree = "<group>"; };
		07C7E41125892B0700581737 /* Misc.swift */ = {isa = PBXFileReference; lastKnownFileType = sourcecode.swift; path = Misc.swift; sourceTree = "<group>"; };
		07E1D5C3257FC6730057B9AC /* SecuredMQTTPublisher.app */ = {isa = PBXFileReference; explicitFileType = wrapper.application; includeInIndex = 0; path = SecuredMQTTPublisher.app; sourceTree = BUILT_PRODUCTS_DIR; };
		07E1D5C6257FC6730057B9AC /* AppDelegate.swift */ = {isa = PBXFileReference; lastKnownFileType = sourcecode.swift; path = AppDelegate.swift; sourceTree = "<group>"; };
		07E1D5C8257FC6730057B9AC /* SceneDelegate.swift */ = {isa = PBXFileReference; lastKnownFileType = sourcecode.swift; path = SceneDelegate.swift; sourceTree = "<group>"; };
		07E1D5CA257FC6730057B9AC /* HomeViewController.swift */ = {isa = PBXFileReference; lastKnownFileType = sourcecode.swift; path = HomeViewController.swift; sourceTree = "<group>"; };
		07E1D5CF257FC6750057B9AC /* Assets.xcassets */ = {isa = PBXFileReference; lastKnownFileType = folder.assetcatalog; path = Assets.xcassets; sourceTree = "<group>"; };
		07E1D5D2257FC6750057B9AC /* Base */ = {isa = PBXFileReference; lastKnownFileType = file.storyboard; name = Base; path = Base.lproj/LaunchScreen.storyboard; sourceTree = "<group>"; };
		07E1D5D4257FC6750057B9AC /* Info.plist */ = {isa = PBXFileReference; lastKnownFileType = text.plist.xml; path = Info.plist; sourceTree = "<group>"; };
		07E1D5E8257FC8580057B9AC /* Core.swift */ = {isa = PBXFileReference; lastKnownFileType = sourcecode.swift; path = Core.swift; sourceTree = "<group>"; };
		07F17EF4258CFA4D0029169A /* CertificateConverter.h */ = {isa = PBXFileReference; lastKnownFileType = sourcecode.c.h; path = CertificateConverter.h; sourceTree = "<group>"; };
		07F17EF5258CFA4D0029169A /* CertificateConverter.m */ = {isa = PBXFileReference; lastKnownFileType = sourcecode.c.objc; path = CertificateConverter.m; sourceTree = "<group>"; };
		63BEAD2C6FF19D11BC309B49 /* Pods-SecuredMQTTPublisher.release.xcconfig */ = {isa = PBXFileReference; includeInIndex = 1; lastKnownFileType = text.xcconfig; name = "Pods-SecuredMQTTPublisher.release.xcconfig"; path = "Target Support Files/Pods-SecuredMQTTPublisher/Pods-SecuredMQTTPublisher.release.xcconfig"; sourceTree = "<group>"; };
		D1736435C623A919138D1838 /* Pods-SecuredMQTTPublisher.debug.xcconfig */ = {isa = PBXFileReference; includeInIndex = 1; lastKnownFileType = text.xcconfig; name = "Pods-SecuredMQTTPublisher.debug.xcconfig"; path = "Target Support Files/Pods-SecuredMQTTPublisher/Pods-SecuredMQTTPublisher.debug.xcconfig"; sourceTree = "<group>"; };
		EF9C83F5E46DE8748B452152 /* Pods_SecuredMQTTPublisher.framework */ = {isa = PBXFileReference; explicitFileType = wrapper.framework; includeInIndex = 0; path = Pods_SecuredMQTTPublisher.framework; sourceTree = BUILT_PRODUCTS_DIR; };
/* End PBXFileReference section */

/* Begin PBXFrameworksBuildPhase section */
		07E1D5C0257FC6730057B9AC /* Frameworks */ = {
			isa = PBXFrameworksBuildPhase;
			buildActionMask = 2147483647;
			files = (
				07C0C60625939DDA001DB311 /* libcrypto.a in Frameworks */,
				158B9C381EF4260E96D2E79B /* Pods_SecuredMQTTPublisher.framework in Frameworks */,
				07C0C60725939DDA001DB311 /* libssl.a in Frameworks */,
			);
			runOnlyForDeploymentPostprocessing = 0;
		};
/* End PBXFrameworksBuildPhase section */

/* Begin PBXGroup section */
		078D943F25B5831D008DC438 /* App */ = {
			isa = PBXGroup;
			children = (
				07E1D5C6257FC6730057B9AC /* AppDelegate.swift */,
				07E1D5C8257FC6730057B9AC /* SceneDelegate.swift */,
				078D946625B58D66008DC438 /* AppCoordinator.swift */,
			);
			path = App;
			sourceTree = "<group>";
		};
		078D944025B5832E008DC438 /* Auth */ = {
			isa = PBXGroup;
			children = (
				075ACB6A25A5C78B00E2AAC1 /* AuthViewController.swift */,
			);
			path = Auth;
			sourceTree = "<group>";
		};
		078D944125B58333008DC438 /* Home */ = {
			isa = PBXGroup;
			children = (
				07E1D5CA257FC6730057B9AC /* HomeViewController.swift */,
				078D944C25B58441008DC438 /* Widget */,
			);
			path = Home;
			sourceTree = "<group>";
		};
		078D944225B58340008DC438 /* About */ = {
			isa = PBXGroup;
			children = (
				075ACB7625A8B73800E2AAC1 /* AboutViewController.swift */,
			);
			path = About;
			sourceTree = "<group>";
		};
		078D944325B58346008DC438 /* ActionEdit */ = {
			isa = PBXGroup;
			children = (
				070290CF25817CD3004E2BC4 /* ActionEditViewController.swift */,
			);
			path = ActionEdit;
			sourceTree = "<group>";
		};
		078D944425B5834D008DC438 /* Settings */ = {
			isa = PBXGroup;
			children = (
				070290D42581E5AC004E2BC4 /* SettingsViewController.swift */,
				078D945225B584D8008DC438 /* Widget */,
			);
			path = Settings;
			sourceTree = "<group>";
		};
		078D944525B5838E008DC438 /* Utility */ = {
			isa = PBXGroup;
			children = (
				07C0C6332593AE7E001DB311 /* SoundEffect.swift */,
				079D070425A34DCE00F56392 /* ViewControllers.swift */,
				07BD178C2589530600784BFA /* Colors.swift */,
				078D944625B583B7008DC438 /* ConstraintsApplier.swift */,
				078D946425B58D36008DC438 /* Coordinator.swift */,
				07C7E41125892B0700581737 /* Misc.swift */,
			);
			path = Utility;
			sourceTree = "<group>";
		};
		078D944C25B58441008DC438 /* Widget */ = {
			isa = PBXGroup;
			children = (
				078D944D25B5844E008DC438 /* ButtonCell.swift */,
				078D945025B58480008DC438 /* PencelBadge.swift */,
			);
			path = Widget;
			sourceTree = "<group>";
		};
		078D945225B584D8008DC438 /* Widget */ = {
			isa = PBXGroup;
			children = (
				078D945325B584E4008DC438 /* LabelSwitchView.swift */,
			);
			path = Widget;
			sourceTree = "<group>";
		};
		078D945525B58509008DC438 /* Widget */ = {
			isa = PBXGroup;
			children = (
				078D945625B5853A008DC438 /* FadeOnHighlightButton.swift */,
				078D945825B58550008DC438 /* RoundedButton.swift */,
				078D945A25B5856B008DC438 /* TextViewTitleView.swift */,
				078D945C25B5858E008DC438 /* TextViewCell.swift */,
				078D945E25B585B8008DC438 /* OkCancelButtonsView.swift */,
			);
			path = Widget;
			sourceTree = "<group>";
		};
		078D946025B589AE008DC438 /* Flow */ = {
			isa = PBXGroup;
			children = (
				078D944025B5832E008DC438 /* Auth */,
				078D944125B58333008DC438 /* Home */,
				078D944225B58340008DC438 /* About */,
				078D944325B58346008DC438 /* ActionEdit */,
				078D944425B5834D008DC438 /* Settings */,
			);
			path = Flow;
			sourceTree = "<group>";
		};
		07940B532592762D003EB4FA /* CertificateConverter */ = {
			isa = PBXGroup;
			children = (
				07F17EF4258CFA4D0029169A /* CertificateConverter.h */,
				07F17EF5258CFA4D0029169A /* CertificateConverter.m */,
				07940B5425927643003EB4FA /* CertificateConverter.swift */,
			);
			path = CertificateConverter;
			sourceTree = "<group>";
		};
		07C0C5A725939DD9001DB311 /* Dependencies */ = {
			isa = PBXGroup;
			children = (
				07C0C5A825939DD9001DB311 /* keychain-swift */,
				07C0C5AA25939DD9001DB311 /* OpenSSL-for-iPhone */,
			);
			path = Dependencies;
			sourceTree = "<group>";
		};
		07C0C5A825939DD9001DB311 /* keychain-swift */ = {
			isa = PBXGroup;
			children = (
				07C0C5A925939DD9001DB311 /* KeychainSwiftDistrib.swift */,
			);
			path = "keychain-swift";
			sourceTree = "<group>";
		};
		07C0C5AA25939DD9001DB311 /* OpenSSL-for-iPhone */ = {
			isa = PBXGroup;
			children = (
				07C0C5AB25939DD9001DB311 /* include */,
				07C0C60125939DD9001DB311 /* lib */,
			);
			path = "OpenSSL-for-iPhone";
			sourceTree = "<group>";
		};
		07C0C5AB25939DD9001DB311 /* include */ = {
			isa = PBXGroup;
			children = (
				07C0C5AC25939DD9001DB311 /* opensslconf-template.h */,
				07C0C5AD25939DD9001DB311 /* LICENSE */,
				07C0C5AE25939DD9001DB311 /* openssl */,
			);
			path = include;
			sourceTree = "<group>";
		};
		07C0C5AE25939DD9001DB311 /* openssl */ = {
			isa = PBXGroup;
			children = (
				07C0C5AF25939DD9001DB311 /* pem2.h */,
				07C0C5B025939DD9001DB311 /* pem.h */,
				07C0C5B125939DD9001DB311 /* ssl3.h */,
				07C0C5B225939DD9001DB311 /* ossl_typ.h */,
				07C0C5B325939DD9001DB311 /* dtls1.h */,
				07C0C5B425939DD9001DB311 /* err.h */,
				07C0C5B525939DD9001DB311 /* bn.h */,
				07C0C5B625939DD9001DB311 /* blowfish.h */,
				07C0C5B725939DD9001DB311 /* cms.h */,
				07C0C5B825939DD9001DB311 /* engine.h */,
				07C0C5B925939DD9001DB311 /* conf_api.h */,
				07C0C5BA25939DD9001DB311 /* x509.h */,
				07C0C5BB25939DD9001DB311 /* asn1_mac.h */,
				07C0C5BC25939DD9001DB311 /* opensslconf_ios_x86_64.h */,
				07C0C5BD25939DD9001DB311 /* ui.h */,
				07C0C5BE25939DD9001DB311 /* kssl.h */,
				07C0C5BF25939DD9001DB311 /* opensslconf_tvos_x86_64.h */,
				07C0C5C025939DD9001DB311 /* opensslconf_ios_armv7s.h */,
				07C0C5C125939DD9001DB311 /* sha.h */,
				07C0C5C225939DD9001DB311 /* symhacks.h */,
				07C0C5C325939DD9001DB311 /* asn1.h */,
				07C0C5C425939DD9001DB311 /* opensslconf.h */,
				07C0C5C525939DD9001DB311 /* opensslconf_ios_i386.h */,
				07C0C5C625939DD9001DB311 /* bio.h */,
				07C0C5C725939DD9001DB311 /* rc2.h */,
				07C0C5C825939DD9001DB311 /* dh.h */,
				07C0C5C925939DD9001DB311 /* ui_compat.h */,
				07C0C5CA25939DD9001DB311 /* x509v3.h */,
				07C0C5CB25939DD9001DB311 /* ssl23.h */,
				07C0C5CC25939DD9001DB311 /* conf.h */,
				07C0C5CD25939DD9001DB311 /* md5.h */,
				07C0C5CE25939DD9001DB311 /* x509_vfy.h */,
				07C0C5CF25939DD9001DB311 /* txt_db.h */,
				07C0C5D025939DD9001DB311 /* safestack.h */,
				07C0C5D125939DD9001DB311 /* ecdsa.h */,
				07C0C5D225939DD9001DB311 /* objects.h */,
				07C0C5D325939DD9001DB311 /* pkcs12.h */,
				07C0C5D425939DD9001DB311 /* crypto.h */,
				07C0C5D525939DD9001DB311 /* opensslv.h */,
				07C0C5D625939DD9001DB311 /* pkcs7.h */,
				07C0C5D725939DD9001DB311 /* obj_mac.h */,
				07C0C5D825939DD9001DB311 /* buffer.h */,
				07C0C5D925939DD9001DB311 /* ssl.h */,
				07C0C5DA25939DD9001DB311 /* srp.h */,
				07C0C5DB25939DD9001DB311 /* camellia.h */,
				07C0C5DC25939DD9001DB311 /* opensslconf_ios_arm64.h */,
				07C0C5DD25939DD9001DB311 /* evp.h */,
				07C0C5DE25939DD9001DB311 /* e_os2.h */,
				07C0C5DF25939DD9001DB311 /* md4.h */,
				07C0C5E025939DD9001DB311 /* hmac.h */,
				07C0C5E125939DD9001DB311 /* aes.h */,
				07C0C5E225939DD9001DB311 /* comp.h */,
				07C0C5E325939DD9001DB311 /* cast.h */,
				07C0C5E425939DD9001DB311 /* rc4.h */,
				07C0C5E525939DD9001DB311 /* stack.h */,
				07C0C5E625939DD9001DB311 /* des.h */,
				07C0C5E725939DD9001DB311 /* ocsp.h */,
				07C0C5E825939DD9001DB311 /* ec.h */,
				07C0C5E925939DD9001DB311 /* ecdh.h */,
				07C0C5EA25939DD9001DB311 /* rand.h */,
				07C0C5EB25939DD9001DB311 /* opensslconf_ios_armv7.h */,
				07C0C5EC25939DD9001DB311 /* opensslconf_tvos_arm64.h */,
				07C0C5ED25939DD9001DB311 /* ts.h */,
				07C0C5EE25939DD9001DB311 /* pqueue.h */,
				07C0C5EF25939DD9001DB311 /* dso.h */,
				07C0C5F025939DD9001DB311 /* seed.h */,
				07C0C5F125939DD9001DB311 /* modes.h */,
				07C0C5F225939DD9001DB311 /* ssl2.h */,
				07C0C5F325939DD9001DB311 /* rsa.h */,
				07C0C5F425939DD9001DB311 /* krb5_asn.h */,
				07C0C5F525939DD9001DB311 /* des_old.h */,
				07C0C5F625939DD9001DB311 /* ripemd.h */,
				07C0C5F725939DD9001DB311 /* whrlpool.h */,
				07C0C5F825939DD9001DB311 /* tls1.h */,
				07C0C5F925939DD9001DB311 /* mdc2.h */,
				07C0C5FA25939DD9001DB311 /* dsa.h */,
				07C0C5FB25939DD9001DB311 /* srtp.h */,
				07C0C5FC25939DD9001DB311 /* asn1t.h */,
				07C0C5FD25939DD9001DB311 /* cmac.h */,
				07C0C5FE25939DD9001DB311 /* ebcdic.h */,
				07C0C5FF25939DD9001DB311 /* idea.h */,
				07C0C60025939DD9001DB311 /* lhash.h */,
			);
			path = openssl;
			sourceTree = "<group>";
		};
		07C0C60125939DD9001DB311 /* lib */ = {
			isa = PBXGroup;
			children = (
				07C0C60225939DD9001DB311 /* libcrypto.a */,
				07C0C60325939DD9001DB311 /* libssl.a */,
			);
			path = lib;
			sourceTree = "<group>";
		};
		07C0C6352593B169001DB311 /* Resources */ = {
			isa = PBXGroup;
			children = (
				07C0C6302593AE5B001DB311 /* success.mp3 */,
				07C0C62F2593AE5B001DB311 /* failure.wav */,
				07E1D5CF257FC6750057B9AC /* Assets.xcassets */,
				07E1D5D1257FC6750057B9AC /* LaunchScreen.storyboard */,
				07E1D5D4257FC6750057B9AC /* Info.plist */,
				078D946325B58B45008DC438 /* SecuredMQTTPublisher-Bridging-Header.h */,
			);
			path = Resources;
			sourceTree = "<group>";
		};
		07E1D5BA257FC6730057B9AC = {
			isa = PBXGroup;
			children = (
				07C0C5A725939DD9001DB311 /* Dependencies */,
				07E1D5C5257FC6730057B9AC /* SecuredMQTTPublisher */,
				07E1D5C4257FC6730057B9AC /* Products */,
				07E1D5FB257FCA5C0057B9AC /* Frameworks */,
				DC5494A7AF34B3787932F95A /* Pods */,
			);
			sourceTree = "<group>";
		};
		07E1D5C4257FC6730057B9AC /* Products */ = {
			isa = PBXGroup;
			children = (
				07E1D5C3257FC6730057B9AC /* SecuredMQTTPublisher.app */,
			);
			name = Products;
			sourceTree = "<group>";
		};
		07E1D5C5257FC6730057B9AC /* SecuredMQTTPublisher */ = {
			isa = PBXGroup;
			children = (
				07E1D5E8257FC8580057B9AC /* Core.swift */,
				075ACB6C25A653FA00E2AAC1 /* DeviceOwnerAuthenticator.swift */,
				07BD1784258952B600784BFA /* DataStore.swift */,
				07940B57259276A1003EB4FA /* MQTTClient.swift */,
				07940B532592762D003EB4FA /* CertificateConverter */,
				078D943F25B5831D008DC438 /* App */,
				078D946025B589AE008DC438 /* Flow */,
				078D945525B58509008DC438 /* Widget */,
				078D944525B5838E008DC438 /* Utility */,
				07C0C6352593B169001DB311 /* Resources */,
			);
			path = SecuredMQTTPublisher;
			sourceTree = "<group>";
		};
		07E1D5FB257FCA5C0057B9AC /* Frameworks */ = {
			isa = PBXGroup;
			children = (
				EF9C83F5E46DE8748B452152 /* Pods_SecuredMQTTPublisher.framework */,
			);
			name = Frameworks;
			sourceTree = "<group>";
		};
		DC5494A7AF34B3787932F95A /* Pods */ = {
			isa = PBXGroup;
			children = (
				D1736435C623A919138D1838 /* Pods-SecuredMQTTPublisher.debug.xcconfig */,
				63BEAD2C6FF19D11BC309B49 /* Pods-SecuredMQTTPublisher.release.xcconfig */,
			);
			path = Pods;
			sourceTree = "<group>";
		};
/* End PBXGroup section */

/* Begin PBXNativeTarget section */
		07E1D5C2257FC6730057B9AC /* SecuredMQTTPublisher */ = {
			isa = PBXNativeTarget;
			buildConfigurationList = 07E1D5D7257FC6750057B9AC /* Build configuration list for PBXNativeTarget "SecuredMQTTPublisher" */;
			buildPhases = (
				3801FEE6E834C387CEAA85E3 /* [CP] Check Pods Manifest.lock */,
				07E1D5BF257FC6730057B9AC /* Sources */,
				07E1D5C0257FC6730057B9AC /* Frameworks */,
				07E1D5C1257FC6730057B9AC /* Resources */,
				07BD17A5258BC67A00784BFA /* Embed Frameworks */,
				2A92FD8DCE8FE96F99B5BB8E /* [CP] Embed Pods Frameworks */,
			);
			buildRules = (
			);
			dependencies = (
			);
			name = SecuredMQTTPublisher;
			productName = SecuredMQTTPublisher;
			productReference = 07E1D5C3257FC6730057B9AC /* SecuredMQTTPublisher.app */;
			productType = "com.apple.product-type.application";
		};
/* End PBXNativeTarget section */

/* Begin PBXProject section */
		07E1D5BB257FC6730057B9AC /* Project object */ = {
			isa = PBXProject;
			attributes = {
				LastSwiftUpdateCheck = 1200;
				LastUpgradeCheck = 1200;
				TargetAttributes = {
					07E1D5C2257FC6730057B9AC = {
						CreatedOnToolsVersion = 12.0.1;
						LastSwiftMigration = 1200;
					};
				};
			};
			buildConfigurationList = 07E1D5BE257FC6730057B9AC /* Build configuration list for PBXProject "SecuredMQTTPublisher" */;
			compatibilityVersion = "Xcode 9.3";
			developmentRegion = en;
			hasScannedForEncodings = 0;
			knownRegions = (
				en,
				Base,
			);
			mainGroup = 07E1D5BA257FC6730057B9AC;
			productRefGroup = 07E1D5C4257FC6730057B9AC /* Products */;
			projectDirPath = "";
			projectRoot = "";
			targets = (
				07E1D5C2257FC6730057B9AC /* SecuredMQTTPublisher */,
			);
		};
/* End PBXProject section */

/* Begin PBXResourcesBuildPhase section */
		07E1D5C1257FC6730057B9AC /* Resources */ = {
			isa = PBXResourcesBuildPhase;
			buildActionMask = 2147483647;
			files = (
				07C0C60525939DDA001DB311 /* LICENSE in Resources */,
				07E1D5D3257FC6750057B9AC /* LaunchScreen.storyboard in Resources */,
				07C0C6322593AE5B001DB311 /* success.mp3 in Resources */,
				07E1D5D0257FC6750057B9AC /* Assets.xcassets in Resources */,
				07C0C6312593AE5B001DB311 /* failure.wav in Resources */,
			);
			runOnlyForDeploymentPostprocessing = 0;
		};
/* End PBXResourcesBuildPhase section */

/* Begin PBXShellScriptBuildPhase section */
		2A92FD8DCE8FE96F99B5BB8E /* [CP] Embed Pods Frameworks */ = {
			isa = PBXShellScriptBuildPhase;
			buildActionMask = 2147483647;
			files = (
			);
			inputFileListPaths = (
				"${PODS_ROOT}/Target Support Files/Pods-SecuredMQTTPublisher/Pods-SecuredMQTTPublisher-frameworks-${CONFIGURATION}-input-files.xcfilelist",
			);
			name = "[CP] Embed Pods Frameworks";
			outputFileListPaths = (
				"${PODS_ROOT}/Target Support Files/Pods-SecuredMQTTPublisher/Pods-SecuredMQTTPublisher-frameworks-${CONFIGURATION}-output-files.xcfilelist",
			);
			runOnlyForDeploymentPostprocessing = 0;
			shellPath = /bin/sh;
			shellScript = "\"${PODS_ROOT}/Target Support Files/Pods-SecuredMQTTPublisher/Pods-SecuredMQTTPublisher-frameworks.sh\"\n";
			showEnvVarsInLog = 0;
		};
		3801FEE6E834C387CEAA85E3 /* [CP] Check Pods Manifest.lock */ = {
			isa = PBXShellScriptBuildPhase;
			buildActionMask = 2147483647;
			files = (
			);
			inputFileListPaths = (
			);
			inputPaths = (
				"${PODS_PODFILE_DIR_PATH}/Podfile.lock",
				"${PODS_ROOT}/Manifest.lock",
			);
			name = "[CP] Check Pods Manifest.lock";
			outputFileListPaths = (
			);
			outputPaths = (
				"$(DERIVED_FILE_DIR)/Pods-SecuredMQTTPublisher-checkManifestLockResult.txt",
			);
			runOnlyForDeploymentPostprocessing = 0;
			shellPath = /bin/sh;
			shellScript = "diff \"${PODS_PODFILE_DIR_PATH}/Podfile.lock\" \"${PODS_ROOT}/Manifest.lock\" > /dev/null\nif [ $? != 0 ] ; then\n    # print error to STDERR\n    echo \"error: The sandbox is not in sync with the Podfile.lock. Run 'pod install' or update your CocoaPods installation.\" >&2\n    exit 1\nfi\n# This output is used by Xcode 'outputs' to avoid re-running this script phase.\necho \"SUCCESS\" > \"${SCRIPT_OUTPUT_FILE_0}\"\n";
			showEnvVarsInLog = 0;
		};
/* End PBXShellScriptBuildPhase section */

/* Begin PBXSourcesBuildPhase section */
		07E1D5BF257FC6730057B9AC /* Sources */ = {
			isa = PBXSourcesBuildPhase;
			buildActionMask = 2147483647;
			files = (
				07E1D5CB257FC6730057B9AC /* HomeViewController.swift in Sources */,
				07F17EF6258CFA4D0029169A /* CertificateConverter.m in Sources */,
				078D945F25B585B8008DC438 /* OkCancelButtonsView.swift in Sources */,
				07C0C6342593AE7E001DB311 /* SoundEffect.swift in Sources */,
				079D070525A34DCE00F56392 /* ViewControllers.swift in Sources */,
				078D946725B58D66008DC438 /* AppCoordinator.swift in Sources */,
				078D945125B58480008DC438 /* PencelBadge.swift in Sources */,
				07BD1785258952B600784BFA /* DataStore.swift in Sources */,
				07940B5525927643003EB4FA /* CertificateConverter.swift in Sources */,
				075ACB6B25A5C78B00E2AAC1 /* AuthViewController.swift in Sources */,
				07E1D5C7257FC6730057B9AC /* AppDelegate.swift in Sources */,
				07BD178D2589530600784BFA /* Colors.swift in Sources */,
				078D945425B584E4008DC438 /* LabelSwitchView.swift in Sources */,
				078D945B25B5856B008DC438 /* TextViewTitleView.swift in Sources */,
				075ACB7725A8B73800E2AAC1 /* AboutViewController.swift in Sources */,
				07940B58259276A1003EB4FA /* MQTTClient.swift in Sources */,
				07C0C60425939DDA001DB311 /* KeychainSwiftDistrib.swift in Sources */,
				078D944725B583B7008DC438 /* ConstraintsApplier.swift in Sources */,
				07C7E41225892B0700581737 /* Misc.swift in Sources */,
				078D945D25B5858E008DC438 /* TextViewCell.swift in Sources */,
				075ACB6D25A653FA00E2AAC1 /* DeviceOwnerAuthenticator.swift in Sources */,
				078D946525B58D36008DC438 /* Coordinator.swift in Sources */,
				07E1D5E9257FC8580057B9AC /* Core.swift in Sources */,
				07E1D5C9257FC6730057B9AC /* SceneDelegate.swift in Sources */,
				070290D025817CD3004E2BC4 /* ActionEditViewController.swift in Sources */,
				078D945925B58550008DC438 /* RoundedButton.swift in Sources */,
				070290D52581E5AC004E2BC4 /* SettingsViewController.swift in Sources */,
				078D944E25B5844E008DC438 /* ButtonCell.swift in Sources */,
				078D945725B5853A008DC438 /* FadeOnHighlightButton.swift in Sources */,
			);
			runOnlyForDeploymentPostprocessing = 0;
		};
/* End PBXSourcesBuildPhase section */

/* Begin PBXVariantGroup section */
		07E1D5D1257FC6750057B9AC /* LaunchScreen.storyboard */ = {
			isa = PBXVariantGroup;
			children = (
				07E1D5D2257FC6750057B9AC /* Base */,
			);
			name = LaunchScreen.storyboard;
			sourceTree = "<group>";
		};
/* End PBXVariantGroup section */

/* Begin XCBuildConfiguration section */
		07E1D5D5257FC6750057B9AC /* Debug */ = {
			isa = XCBuildConfiguration;
			buildSettings = {
				ALWAYS_SEARCH_USER_PATHS = NO;
				CLANG_ANALYZER_NONNULL = YES;
				CLANG_ANALYZER_NUMBER_OBJECT_CONVERSION = YES_AGGRESSIVE;
				CLANG_CXX_LANGUAGE_STANDARD = "gnu++14";
				CLANG_CXX_LIBRARY = "libc++";
				CLANG_ENABLE_MODULES = YES;
				CLANG_ENABLE_OBJC_ARC = YES;
				CLANG_ENABLE_OBJC_WEAK = YES;
				CLANG_WARN_BLOCK_CAPTURE_AUTORELEASING = YES;
				CLANG_WARN_BOOL_CONVERSION = YES;
				CLANG_WARN_COMMA = YES;
				CLANG_WARN_CONSTANT_CONVERSION = YES;
				CLANG_WARN_DEPRECATED_OBJC_IMPLEMENTATIONS = YES;
				CLANG_WARN_DIRECT_OBJC_ISA_USAGE = YES_ERROR;
				CLANG_WARN_DOCUMENTATION_COMMENTS = YES;
				CLANG_WARN_EMPTY_BODY = YES;
				CLANG_WARN_ENUM_CONVERSION = YES;
				CLANG_WARN_INFINITE_RECURSION = YES;
				CLANG_WARN_INT_CONVERSION = YES;
				CLANG_WARN_NON_LITERAL_NULL_CONVERSION = YES;
				CLANG_WARN_OBJC_IMPLICIT_RETAIN_SELF = YES;
				CLANG_WARN_OBJC_LITERAL_CONVERSION = YES;
				CLANG_WARN_OBJC_ROOT_CLASS = YES_ERROR;
				CLANG_WARN_QUOTED_INCLUDE_IN_FRAMEWORK_HEADER = YES;
				CLANG_WARN_RANGE_LOOP_ANALYSIS = YES;
				CLANG_WARN_STRICT_PROTOTYPES = YES;
				CLANG_WARN_SUSPICIOUS_MOVE = YES;
				CLANG_WARN_UNGUARDED_AVAILABILITY = YES_AGGRESSIVE;
				CLANG_WARN_UNREACHABLE_CODE = YES;
				CLANG_WARN__DUPLICATE_METHOD_MATCH = YES;
				COPY_PHASE_STRIP = NO;
				DEBUG_INFORMATION_FORMAT = dwarf;
				ENABLE_STRICT_OBJC_MSGSEND = YES;
				ENABLE_TESTABILITY = YES;
				GCC_C_LANGUAGE_STANDARD = gnu11;
				GCC_DYNAMIC_NO_PIC = NO;
				GCC_NO_COMMON_BLOCKS = YES;
				GCC_OPTIMIZATION_LEVEL = 0;
				GCC_PREPROCESSOR_DEFINITIONS = (
					"DEBUG=1",
					"$(inherited)",
				);
				GCC_WARN_64_TO_32_BIT_CONVERSION = YES;
				GCC_WARN_ABOUT_RETURN_TYPE = YES_ERROR;
				GCC_WARN_UNDECLARED_SELECTOR = YES;
				GCC_WARN_UNINITIALIZED_AUTOS = YES_AGGRESSIVE;
				GCC_WARN_UNUSED_FUNCTION = YES;
				GCC_WARN_UNUSED_VARIABLE = YES;
				IPHONEOS_DEPLOYMENT_TARGET = 14.0;
				MTL_ENABLE_DEBUG_INFO = INCLUDE_SOURCE;
				MTL_FAST_MATH = YES;
				ONLY_ACTIVE_ARCH = YES;
				SDKROOT = iphoneos;
				SWIFT_ACTIVE_COMPILATION_CONDITIONS = DEBUG;
				SWIFT_OPTIMIZATION_LEVEL = "-Onone";
			};
			name = Debug;
		};
		07E1D5D6257FC6750057B9AC /* Release */ = {
			isa = XCBuildConfiguration;
			buildSettings = {
				ALWAYS_SEARCH_USER_PATHS = NO;
				CLANG_ANALYZER_NONNULL = YES;
				CLANG_ANALYZER_NUMBER_OBJECT_CONVERSION = YES_AGGRESSIVE;
				CLANG_CXX_LANGUAGE_STANDARD = "gnu++14";
				CLANG_CXX_LIBRARY = "libc++";
				CLANG_ENABLE_MODULES = YES;
				CLANG_ENABLE_OBJC_ARC = YES;
				CLANG_ENABLE_OBJC_WEAK = YES;
				CLANG_WARN_BLOCK_CAPTURE_AUTORELEASING = YES;
				CLANG_WARN_BOOL_CONVERSION = YES;
				CLANG_WARN_COMMA = YES;
				CLANG_WARN_CONSTANT_CONVERSION = YES;
				CLANG_WARN_DEPRECATED_OBJC_IMPLEMENTATIONS = YES;
				CLANG_WARN_DIRECT_OBJC_ISA_USAGE = YES_ERROR;
				CLANG_WARN_DOCUMENTATION_COMMENTS = YES;
				CLANG_WARN_EMPTY_BODY = YES;
				CLANG_WARN_ENUM_CONVERSION = YES;
				CLANG_WARN_INFINITE_RECURSION = YES;
				CLANG_WARN_INT_CONVERSION = YES;
				CLANG_WARN_NON_LITERAL_NULL_CONVERSION = YES;
				CLANG_WARN_OBJC_IMPLICIT_RETAIN_SELF = YES;
				CLANG_WARN_OBJC_LITERAL_CONVERSION = YES;
				CLANG_WARN_OBJC_ROOT_CLASS = YES_ERROR;
				CLANG_WARN_QUOTED_INCLUDE_IN_FRAMEWORK_HEADER = YES;
				CLANG_WARN_RANGE_LOOP_ANALYSIS = YES;
				CLANG_WARN_STRICT_PROTOTYPES = YES;
				CLANG_WARN_SUSPICIOUS_MOVE = YES;
				CLANG_WARN_UNGUARDED_AVAILABILITY = YES_AGGRESSIVE;
				CLANG_WARN_UNREACHABLE_CODE = YES;
				CLANG_WARN__DUPLICATE_METHOD_MATCH = YES;
				COPY_PHASE_STRIP = NO;
				DEBUG_INFORMATION_FORMAT = "dwarf-with-dsym";
				ENABLE_NS_ASSERTIONS = NO;
				ENABLE_STRICT_OBJC_MSGSEND = YES;
				GCC_C_LANGUAGE_STANDARD = gnu11;
				GCC_NO_COMMON_BLOCKS = YES;
				GCC_WARN_64_TO_32_BIT_CONVERSION = YES;
				GCC_WARN_ABOUT_RETURN_TYPE = YES_ERROR;
				GCC_WARN_UNDECLARED_SELECTOR = YES;
				GCC_WARN_UNINITIALIZED_AUTOS = YES_AGGRESSIVE;
				GCC_WARN_UNUSED_FUNCTION = YES;
				GCC_WARN_UNUSED_VARIABLE = YES;
				IPHONEOS_DEPLOYMENT_TARGET = 14.0;
				MTL_ENABLE_DEBUG_INFO = NO;
				MTL_FAST_MATH = YES;
				SDKROOT = iphoneos;
				SWIFT_COMPILATION_MODE = wholemodule;
				SWIFT_OPTIMIZATION_LEVEL = "-O";
				VALIDATE_PRODUCT = YES;
			};
			name = Release;
		};
		07E1D5D8257FC6750057B9AC /* Debug */ = {
			isa = XCBuildConfiguration;
			baseConfigurationReference = D1736435C623A919138D1838 /* Pods-SecuredMQTTPublisher.debug.xcconfig */;
			buildSettings = {
				ALWAYS_SEARCH_USER_PATHS = YES;
				ASSETCATALOG_COMPILER_APPICON_NAME = AppIcon;
				ASSETCATALOG_COMPILER_GLOBAL_ACCENT_COLOR_NAME = AccentColor;
				CLANG_ENABLE_MODULES = YES;
				CODE_SIGN_STYLE = Automatic;
				CURRENT_PROJECT_VERSION = 2020122801;
				DEVELOPMENT_TEAM = "";
				FRAMEWORK_SEARCH_PATHS = (
					"$(inherited)",
					"$(PROJECT_DIR)/**",
					"$(PROJECT_DIR)/Dependencies/MQTT-Client-Framework",
					"$(PROJECT_DIR)/SecuredMQTTPublisher/Dependencies/MQTT-Client-Framework",
				);
				HEADER_SEARCH_PATHS = (
					"$(inherited)",
					"$(SRCROOT)/**",
				);
				INFOPLIST_FILE = "$(PROJECT_DIR)/$(PROJECT_NAME)/Resources/Info.plist";
				LD_RUNPATH_SEARCH_PATHS = (
					"$(inherited)",
					"@executable_path/Frameworks",
				);
				LIBRARY_SEARCH_PATHS = (
					"$(inherited)",
					"$(SRCROOT)/**",
					"$(PROJECT_DIR)/Dependencies/OpenSSL-for-iPhone/lib",
					"$(PROJECT_DIR)/SecuredMQTTPublisher/Dependencies/OpenSSL-for-iPhone/lib",
				);
				MARKETING_VERSION = 0.9.2;
				PRODUCT_BUNDLE_IDENTIFIER = com.tracmo.SecuredMQTTPublisher;
				PRODUCT_NAME = "$(TARGET_NAME)";
				SWIFT_OBJC_BRIDGING_HEADER = "$(PROJECT_DIR)/$(PROJECT_NAME)/Resources/$(PROJECT_NAME)-Bridging-Header.h";
				SWIFT_OPTIMIZATION_LEVEL = "-Onone";
				SWIFT_VERSION = 5.0;
				TARGETED_DEVICE_FAMILY = 1;
				USER_HEADER_SEARCH_PATHS = "include/**";
			};
			name = Debug;
		};
		07E1D5D9257FC6750057B9AC /* Release */ = {
			isa = XCBuildConfiguration;
			baseConfigurationReference = 63BEAD2C6FF19D11BC309B49 /* Pods-SecuredMQTTPublisher.release.xcconfig */;
			buildSettings = {
				ALWAYS_SEARCH_USER_PATHS = YES;
				ASSETCATALOG_COMPILER_APPICON_NAME = AppIcon;
				ASSETCATALOG_COMPILER_GLOBAL_ACCENT_COLOR_NAME = AccentColor;
				CLANG_ENABLE_MODULES = YES;
				CODE_SIGN_STYLE = Automatic;
				CURRENT_PROJECT_VERSION = 2020122801;
				DEVELOPMENT_TEAM = "";
				FRAMEWORK_SEARCH_PATHS = (
					"$(inherited)",
					"$(PROJECT_DIR)/**",
					"$(PROJECT_DIR)/Dependencies/MQTT-Client-Framework",
					"$(PROJECT_DIR)/SecuredMQTTPublisher/Dependencies/MQTT-Client-Framework",
				);
				HEADER_SEARCH_PATHS = (
					"$(inherited)",
					"$(SRCROOT)/**",
				);
				INFOPLIST_FILE = "$(PROJECT_DIR)/$(PROJECT_NAME)/Resources/Info.plist";
				LD_RUNPATH_SEARCH_PATHS = (
					"$(inherited)",
					"@executable_path/Frameworks",
				);
				LIBRARY_SEARCH_PATHS = (
					"$(inherited)",
					"$(SRCROOT)/**",
					"$(PROJECT_DIR)/Dependencies/OpenSSL-for-iPhone/lib",
					"$(PROJECT_DIR)/SecuredMQTTPublisher/Dependencies/OpenSSL-for-iPhone/lib",
				);
				MARKETING_VERSION = 0.9.2;
				PRODUCT_BUNDLE_IDENTIFIER = com.tracmo.SecuredMQTTPublisher;
				PRODUCT_NAME = "$(TARGET_NAME)";
				SWIFT_OBJC_BRIDGING_HEADER = "$(PROJECT_DIR)/$(PROJECT_NAME)/Resources/$(PROJECT_NAME)-Bridging-Header.h";
				SWIFT_VERSION = 5.0;
				TARGETED_DEVICE_FAMILY = 1;
				USER_HEADER_SEARCH_PATHS = "include/**";
			};
			name = Release;
		};
/* End XCBuildConfiguration section */

/* Begin XCConfigurationList section */
		07E1D5BE257FC6730057B9AC /* Build configuration list for PBXProject "SecuredMQTTPublisher" */ = {
			isa = XCConfigurationList;
			buildConfigurations = (
				07E1D5D5257FC6750057B9AC /* Debug */,
				07E1D5D6257FC6750057B9AC /* Release */,
			);
			defaultConfigurationIsVisible = 0;
			defaultConfigurationName = Release;
		};
		07E1D5D7257FC6750057B9AC /* Build configuration list for PBXNativeTarget "SecuredMQTTPublisher" */ = {
			isa = XCConfigurationList;
			buildConfigurations = (
				07E1D5D8257FC6750057B9AC /* Debug */,
				07E1D5D9257FC6750057B9AC /* Release */,
			);
			defaultConfigurationIsVisible = 0;
			defaultConfigurationName = Release;
		};
/* End XCConfigurationList section */
	};
	rootObject = 07E1D5BB257FC6730057B9AC /* Project object */;
}
